
Microsoft Visual Studio Solution File, Format Version 12.00
# Visual Studio Version 16
VisualStudioVersion = 16.0.32802.440
MinimumVisualStudioVersion = 10.0.40219.1
Project("{FAE04EC0-301F-11D3-BF4B-00C04F79EFBC}") = "FN_TCP_Server", "FN_TCP_Server\FN_TCP_Server.csproj", "{07062E36-FE29-48C0-99FB-F8A8285B3A4A}"
EndProject
Global
	GlobalSection(SolutionConfigurationPlatforms) = preSolution
		Debug|Any CPU = Debug|Any CPU
		Release|Any CPU = Release|Any CPU
	EndGlobalSection
	GlobalSection(ProjectConfigurationPlatforms) = postSolution
		{07062E36-FE29-48C0-99FB-F8A8285B3A4A}.Debug|Any CPU.ActiveCfg = Debug|Any CPU
		{07062E36-FE29-48C0-99FB-F8A8285B3A4A}.Debug|Any CPU.Build.0 = Debug|Any CPU
		{07062E36-FE29-48C0-99FB-F8A8285B3A4A}.Release|Any CPU.ActiveCfg = Release|Any CPU
		{07062E36-FE29-48C0-99FB-F8A8285B3A4A}.Release|Any CPU.Build.0 = Release|Any CPU
	EndGlobalSection
	GlobalSection(SolutionProperties) = preSolution
		HideSolutionNode = FALSE
	EndGlobalSection
	GlobalSection(ExtensibilityGlobals) = postSolution
		SolutionGuid = {933DD166-1723-4AF5-A675-B8D3B8CC2047}
	EndGlobalSection
EndGlobal
